
Microsoft Visual Studio Solution File, Format Version 12.00
# Visual Studio 15
VisualStudioVersion = 15.0.28307.645
MinimumVisualStudioVersion = 10.0.40219.1
Project("{FAE04EC0-301F-11D3-BF4B-00C04F79EFBC}") = "Antonio", "Antonio\Antonio.csproj", "{DA287B0A-E6C5-459B-9CEC-F32305FF8EEB}"
EndProject
Global
	GlobalSection(SolutionConfigurationPlatforms) = preSolution
		Debug|Any CPU = Debug|Any CPU
		Release|Any CPU = Release|Any CPU
	EndGlobalSection
	GlobalSection(ProjectConfigurationPlatforms) = postSolution
		{DA287B0A-E6C5-459B-9CEC-F32305FF8EEB}.Debug|Any CPU.ActiveCfg = Debug|Any CPU
		{DA287B0A-E6C5-459B-9CEC-F32305FF8EEB}.Debug|Any CPU.Build.0 = Debug|Any CPU
		{DA287B0A-E6C5-459B-9CEC-F32305FF8EEB}.Release|Any CPU.ActiveCfg = Release|Any CPU
		{DA287B0A-E6C5-459B-9CEC-F32305FF8EEB}.Release|Any CPU.Build.0 = Release|Any CPU
	EndGlobalSection
	GlobalSection(SolutionProperties) = preSolution
		HideSolutionNode = FALSE
	EndGlobalSection
	GlobalSection(ExtensibilityGlobals) = postSolution
		SolutionGuid = {AD5F9C66-6D77-45CF-AA6B-0B9F2723DB25}
	EndGlobalSection
EndGlobal
